
Microsoft Visual Studio Solution File, Format Version 12.00
# Visual Studio Version 17
VisualStudioVersion = 17.14.36414.22 d17.14
MinimumVisualStudioVersion = 10.0.40219.1
Project("{FAE04EC0-301F-11D3-BF4B-00C04F79EFBC}") = "WebAutomationTests", "WebAutomationTests.csproj", "{2D127932-C481-4CAF-BC44-AE9A5C505DCD}"
EndProject
Global
	GlobalSection(SolutionConfigurationPlatforms) = preSolution
		Debug|Any CPU = Debug|Any CPU
		Release|Any CPU = Release|Any CPU
	EndGlobalSection
	GlobalSection(ProjectConfigurationPlatforms) = postSolution
		{2D127932-C481-4CAF-BC44-AE9A5C505DCD}.Debug|Any CPU.ActiveCfg = Debug|Any CPU
		{2D127932-C481-4CAF-BC44-AE9A5C505DCD}.Debug|Any CPU.Build.0 = Debug|Any CPU
		{2D127932-C481-4CAF-BC44-AE9A5C505DCD}.Release|Any CPU.ActiveCfg = Release|Any CPU
		{2D127932-C481-4CAF-BC44-AE9A5C505DCD}.Release|Any CPU.Build.0 = Release|Any CPU
	EndGlobalSection
	GlobalSection(SolutionProperties) = preSolution
		HideSolutionNode = FALSE
	EndGlobalSection
	GlobalSection(ExtensibilityGlobals) = postSolution
		SolutionGuid = {1ADEE5AE-41CF-4494-9D28-407856EAE963}
	EndGlobalSection
EndGlobal
